// !$*UTF8*$!
{
	archiveVersion = 1;
	classes = {
	};
	objectVersion = 46;
	objects = {

/* Begin PBXBuildFile section */
		4445DAB21B278077009C3410 /* AppDelegate.swift in Sources */ = {isa = PBXBuildFile; fileRef = 4445DAB11B278077009C3410 /* AppDelegate.swift */; };
		4445DAB41B278077009C3410 /* DynamicStackViewController.swift in Sources */ = {isa = PBXBuildFile; fileRef = 4445DAB31B278077009C3410 /* DynamicStackViewController.swift */; };
		4445DAB61B278077009C3410 /* RotatingStackViewController.swift in Sources */ = {isa = PBXBuildFile; fileRef = 4445DAB51B278077009C3410 /* RotatingStackViewController.swift */; };
		4445DAB91B278077009C3410 /* Main.storyboard in Resources */ = {isa = PBXBuildFile; fileRef = 4445DAB71B278077009C3410 /* Main.storyboard */; };
		4445DABB1B278077009C3410 /* Assets.xcassets in Resources */ = {isa = PBXBuildFile; fileRef = 4445DABA1B278077009C3410 /* Assets.xcassets */; };
		4445DABE1B278077009C3410 /* LaunchScreen.storyboard in Resources */ = {isa = PBXBuildFile; fileRef = 4445DABC1B278077009C3410 /* LaunchScreen.storyboard */; };
		4445DACC1B278628009C3410 /* AnimatedStackViewController.swift in Sources */ = {isa = PBXBuildFile; fileRef = 4445DACB1B278628009C3410 /* AnimatedStackViewController.swift */; };
/* End PBXBuildFile section */

/* Begin PBXFileReference section */
		4445DAAE1B278077009C3410 /* UIStackViewDemo.app */ = {isa = PBXFileReference; explicitFileType = wrapper.application; includeInIndex = 0; path = UIStackViewDemo.app; sourceTree = BUILT_PRODUCTS_DIR; };
		4445DAB11B278077009C3410 /* AppDelegate.swift */ = {isa = PBXFileReference; lastKnownFileType = sourcecode.swift; path = AppDelegate.swift; sourceTree = "<group>"; };
		4445DAB31B278077009C3410 /* DynamicStackViewController.swift */ = {isa = PBXFileReference; lastKnownFileType = sourcecode.swift; path = DynamicStackViewController.swift; sourceTree = "<group>"; };
		4445DAB51B278077009C3410 /* RotatingStackViewController.swift */ = {isa = PBXFileReference; lastKnownFileType = sourcecode.swift; path = RotatingStackViewController.swift; sourceTree = "<group>"; };
		4445DAB81B278077009C3410 /* Base */ = {isa = PBXFileReference; lastKnownFileType = file.storyboard; name = Base; path = Base.lproj/Main.storyboard; sourceTree = "<group>"; };
		4445DABA1B278077009C3410 /* Assets.xcassets */ = {isa = PBXFileReference; lastKnownFileType = folder.assetcatalog; path = Assets.xcassets; sourceTree = "<group>"; };
		4445DABD1B278077009C3410 /* Base */ = {isa = PBXFileReference; lastKnownFileType = file.storyboard; name = Base; path = Base.lproj/LaunchScreen.storyboard; sourceTree = "<group>"; };
		4445DABF1B278077009C3410 /* Info.plist */ = {isa = PBXFileReference; lastKnownFileType = text.plist.xml; path = Info.plist; sourceTree = "<group>"; };
		4445DAC51B27814A009C3410 /* README.md */ = {isa = PBXFileReference; fileEncoding = 4; lastKnownFileType = net.daringfireball.markdown; path = README.md; sourceTree = "<group>"; };
		4445DAC71B2781C5009C3410 /* LICENSE */ = {isa = PBXFileReference; fileEncoding = 4; lastKnownFileType = text; path = LICENSE; sourceTree = "<group>"; };
		4445DACB1B278628009C3410 /* AnimatedStackViewController.swift */ = {isa = PBXFileReference; fileEncoding = 4; lastKnownFileType = sourcecode.swift; path = AnimatedStackViewController.swift; sourceTree = "<group>"; };
/* End PBXFileReference section */

/* Begin PBXFrameworksBuildPhase section */
		4445DAAB1B278077009C3410 /* Frameworks */ = {
			isa = PBXFrameworksBuildPhase;
			buildActionMask = 2147483647;
			files = (
			);
			runOnlyForDeploymentPostprocessing = 0;
		};
/* End PBXFrameworksBuildPhase section */

/* Begin PBXGroup section */
		4445DAA51B278077009C3410 = {
			isa = PBXGroup;
			children = (
				4445DAC51B27814A009C3410 /* README.md */,
				4445DAC71B2781C5009C3410 /* LICENSE */,
				4445DAB01B278077009C3410 /* UIStackViewDemo */,
				4445DAAF1B278077009C3410 /* Products */,
			);
			sourceTree = "<group>";
		};
		4445DAAF1B278077009C3410 /* Products */ = {
			isa = PBXGroup;
			children = (
				4445DAAE1B278077009C3410 /* UIStackViewDemo.app */,
			);
			name = Products;
			sourceTree = "<group>";
		};
		4445DAB01B278077009C3410 /* UIStackViewDemo */ = {
			isa = PBXGroup;
			children = (
				4445DAB11B278077009C3410 /* AppDelegate.swift */,
				4445DAB31B278077009C3410 /* DynamicStackViewController.swift */,
				4445DAB51B278077009C3410 /* RotatingStackViewController.swift */,
				4445DACB1B278628009C3410 /* AnimatedStackViewController.swift */,
				4445DAB71B278077009C3410 /* Main.storyboard */,
				4445DABA1B278077009C3410 /* Assets.xcassets */,
				4445DABC1B278077009C3410 /* LaunchScreen.storyboard */,
				4445DABF1B278077009C3410 /* Info.plist */,
			);
			path = UIStackViewDemo;
			sourceTree = "<group>";
		};
/* End PBXGroup section */

/* Begin PBXNativeTarget section */
		4445DAAD1B278077009C3410 /* UIStackViewDemo */ = {
			isa = PBXNativeTarget;
			buildConfigurationList = 4445DAC21B278077009C3410 /* Build configuration list for PBXNativeTarget "UIStackViewDemo" */;
			buildPhases = (
				4445DAAA1B278077009C3410 /* Sources */,
				4445DAAB1B278077009C3410 /* Frameworks */,
				4445DAAC1B278077009C3410 /* Resources */,
			);
			buildRules = (
			);
			dependencies = (
			);
			name = UIStackViewDemo;
			productName = UIStackViewDemo;
			productReference = 4445DAAE1B278077009C3410 /* UIStackViewDemo.app */;
			productType = "com.apple.product-type.application";
		};
/* End PBXNativeTarget section */

/* Begin PBXProject section */
		4445DAA61B278077009C3410 /* Project object */ = {
			isa = PBXProject;
			attributes = {
				CLASSPREFIX = MOO;
				LastUpgradeCheck = 0700;
				ORGANIZATIONNAME = "Rich H";
				TargetAttributes = {
					4445DAAD1B278077009C3410 = {
						CreatedOnToolsVersion = 7.0;
					};
				};
			};
			buildConfigurationList = 4445DAA91B278077009C3410 /* Build configuration list for PBXProject "UIStackViewDemo" */;
			compatibilityVersion = "Xcode 3.2";
			developmentRegion = English;
			hasScannedForEncodings = 0;
			knownRegions = (
				en,
				Base,
			);
			mainGroup = 4445DAA51B278077009C3410;
			productRefGroup = 4445DAAF1B278077009C3410 /* Products */;
			projectDirPath = "";
			projectRoot = "";
			targets = (
				4445DAAD1B278077009C3410 /* UIStackViewDemo */,
			);
		};
/* End PBXProject section */

/* Begin PBXResourcesBuildPhase section */
		4445DAAC1B278077009C3410 /* Resources */ = {
			isa = PBXResourcesBuildPhase;
			buildActionMask = 2147483647;
			files = (
				4445DABE1B278077009C3410 /* LaunchScreen.storyboard in Resources */,
				4445DABB1B278077009C3410 /* Assets.xcassets in Resources */,
				4445DAB91B278077009C3410 /* Main.storyboard in Resources */,
			);
			runOnlyForDeploymentPostprocessing = 0;
		};
/* End PBXResourcesBuildPhase section */

/* Begin PBXSourcesBuildPhase section */
		4445DAAA1B278077009C3410 /* Sources */ = {
			isa = PBXSourcesBuildPhase;
			buildActionMask = 2147483647;
			files = (
				4445DACC1B278628009C3410 /* AnimatedStackViewController.swift in Sources */,
				4445DAB61B278077009C3410 /* RotatingStackViewController.swift in Sources */,
				4445DAB21B278077009C3410 /* AppDelegate.swift in Sources */,
				4445DAB41B278077009C3410 /* DynamicStackViewController.swift in Sources */,
			);
			runOnlyForDeploymentPostprocessing = 0;
		};
/* End PBXSourcesBuildPhase section */

/* Begin PBXVariantGroup section */
		4445DAB71B278077009C3410 /* Main.storyboard */ = {
			isa = PBXVariantGroup;
			children = (
				4445DAB81B278077009C3410 /* Base */,
			);
			name = Main.storyboard;
			sourceTree = "<group>";
		};
		4445DABC1B278077009C3410 /* LaunchScreen.storyboard */ = {
			isa = PBXVariantGroup;
			children = (
				4445DABD1B278077009C3410 /* Base */,
			);
			name = LaunchScreen.storyboard;
			sourceTree = "<group>";
		};
/* End PBXVariantGroup section */

/* Begin XCBuildConfiguration section */
		4445DAC01B278077009C3410 /* Debug */ = {
			isa = XCBuildConfiguration;
			buildSettings = {
				ALWAYS_SEARCH_USER_PATHS = NO;
				CLANG_CXX_LANGUAGE_STANDARD = "gnu++0x";
				CLANG_CXX_LIBRARY = "libc++";
				CLANG_ENABLE_MODULES = YES;
				CLANG_ENABLE_OBJC_ARC = YES;
				CLANG_WARN_BOOL_CONVERSION = YES;
				CLANG_WARN_CONSTANT_CONVERSION = YES;
				CLANG_WARN_DIRECT_OBJC_ISA_USAGE = YES_ERROR;
				CLANG_WARN_EMPTY_BODY = YES;
				CLANG_WARN_ENUM_CONVERSION = YES;
				CLANG_WARN_INT_CONVERSION = YES;
				CLANG_WARN_OBJC_ROOT_CLASS = YES_ERROR;
				CLANG_WARN_UNREACHABLE_CODE = YES;
				CLANG_WARN__DUPLICATE_METHOD_MATCH = YES;
				"CODE_SIGN_IDENTITY[sdk=iphoneos*]" = "iPhone Developer";
				COPY_PHASE_STRIP = NO;
				DEBUG_INFORMATION_FORMAT = dwarf;
				ENABLE_STRICT_OBJC_MSGSEND = YES;
				ENABLE_TESTABILITY = YES;
				GCC_C_LANGUAGE_STANDARD = gnu99;
				GCC_DYNAMIC_NO_PIC = NO;
				GCC_NO_COMMON_BLOCKS = YES;
				GCC_OPTIMIZATION_LEVEL = 0;
				GCC_PREPROCESSOR_DEFINITIONS = (
					"DEBUG=1",
					"$(inherited)",
				);
				GCC_WARN_64_TO_32_BIT_CONVERSION = YES;
				GCC_WARN_ABOUT_RETURN_TYPE = YES_ERROR;
				GCC_WARN_UNDECLARED_SELECTOR = YES;
				GCC_WARN_UNINITIALIZED_AUTOS = YES_AGGRESSIVE;
				GCC_WARN_UNUSED_FUNCTION = YES;
				GCC_WARN_UNUSED_VARIABLE = YES;
				IPHONEOS_DEPLOYMENT_TARGET = 9.0;
				MTL_ENABLE_DEBUG_INFO = YES;
				ONLY_ACTIVE_ARCH = YES;
				SDKROOT = iphoneos;
				SWIFT_OPTIMIZATION_LEVEL = "-Onone";
				TARGETED_DEVICE_FAMILY = "1,2";
			};
			name = Debug;
		};
		4445DAC11B278077009C3410 /* Release */ = {
			isa = XCBuildConfiguration;
			buildSettings = {
				ALWAYS_SEARCH_USER_PATHS = NO;
				CLANG_CXX_LANGUAGE_STANDARD = "gnu++0x";
				CLANG_CXX_LIBRARY = "libc++";
				CLANG_ENABLE_MODULES = YES;
				CLANG_ENABLE_OBJC_ARC = YES;
				CLANG_WARN_BOOL_CONVERSION = YES;
				CLANG_WARN_CONSTANT_CONVERSION = YES;
				CLANG_WARN_DIRECT_OBJC_ISA_USAGE = YES_ERROR;
				CLANG_WARN_EMPTY_BODY = YES;
				CLANG_WARN_ENUM_CONVERSION = YES;
				CLANG_WARN_INT_CONVERSION = YES;
				CLANG_WARN_OBJC_ROOT_CLASS = YES_ERROR;
				CLANG_WARN_UNREACHABLE_CODE = YES;
				CLANG_WARN__DUPLICATE_METHOD_MATCH = YES;
				"CODE_SIGN_IDENTITY[sdk=iphoneos*]" = "iPhone Developer";
				COPY_PHASE_STRIP = NO;
				DEBUG_INFORMATION_FORMAT = "dwarf-with-dsym";
				ENABLE_NS_ASSERTIONS = NO;
				ENABLE_STRICT_OBJC_MSGSEND = YES;
				GCC_C_LANGUAGE_STANDARD = gnu99;
				GCC_NO_COMMON_BLOCKS = YES;
				GCC_WARN_64_TO_32_BIT_CONVERSION = YES;
				GCC_WARN_ABOUT_RETURN_TYPE = YES_ERROR;
				GCC_WARN_UNDECLARED_SELECTOR = YES;
				GCC_WARN_UNINITIALIZED_AUTOS = YES_AGGRESSIVE;
				GCC_WARN_UNUSED_FUNCTION = YES;
				GCC_WARN_UNUSED_VARIABLE = YES;
				IPHONEOS_DEPLOYMENT_TARGET = 9.0;
				MTL_ENABLE_DEBUG_INFO = NO;
				SDKROOT = iphoneos;
				TARGETED_DEVICE_FAMILY = "1,2";
				VALIDATE_PRODUCT = YES;
			};
			name = Release;
		};
		4445DAC31B278077009C3410 /* Debug */ = {
			isa = XCBuildConfiguration;
			buildSettings = {
				ASSETCATALOG_COMPILER_APPICON_NAME = AppIcon;
				INFOPLIST_FILE = UIStackViewDemo/Info.plist;
				LD_RUNPATH_SEARCH_PATHS = "$(inherited) @executable_path/Frameworks";
				PRODUCT_BUNDLE_IDENTIFIER = com.mubaloo.UIStackViewDemo;
				PRODUCT_NAME = "$(TARGET_NAME)";
			};
			name = Debug;
		};
		4445DAC41B278077009C3410 /* Release */ = {
			isa = XCBuildConfiguration;
			buildSettings = {
				ASSETCATALOG_COMPILER_APPICON_NAME = AppIcon;
				INFOPLIST_FILE = UIStackViewDemo/Info.plist;
				LD_RUNPATH_SEARCH_PATHS = "$(inherited) @executable_path/Frameworks";
				PRODUCT_BUNDLE_IDENTIFIER = com.mubaloo.UIStackViewDemo;
				PRODUCT_NAME = "$(TARGET_NAME)";
			};
			name = Release;
		};
/* End XCBuildConfiguration section */

/* Begin XCConfigurationList section */
		4445DAA91B278077009C3410 /* Build configuration list for PBXProject "UIStackViewDemo" */ = {
			isa = XCConfigurationList;
			buildConfigurations = (
				4445DAC01B278077009C3410 /* Debug */,
				4445DAC11B278077009C3410 /* Release */,
			);
			defaultConfigurationIsVisible = 0;
			defaultConfigurationName = Release;
		};
		4445DAC21B278077009C3410 /* Build configuration list for PBXNativeTarget "UIStackViewDemo" */ = {
			isa = XCConfigurationList;
			buildConfigurations = (
				4445DAC31B278077009C3410 /* Debug */,
				4445DAC41B278077009C3410 /* Release */,
			);
			defaultConfigurationIsVisible = 0;
			defaultConfigurationName = Release;
		};
/* End XCConfigurationList section */
	};
	rootObject = 4445DAA61B278077009C3410 /* Project object */;
}
